
Microsoft Visual Studio Solution File, Format Version 12.00
# Visual Studio 15
Project("{FAE04EC0-301F-11D3-BF4B-00C04F79EFBC}") = "Discount.API", "Discount.API.csproj", "{7B7C37D6-833E-4FC6-AE6B-AB4A08D85798}"
EndProject
Global
	GlobalSection(SolutionConfigurationPlatforms) = preSolution
		Debug|Any CPU = Debug|Any CPU
		Release|Any CPU = Release|Any CPU
	EndGlobalSection
	GlobalSection(ProjectConfigurationPlatforms) = postSolution
		{7B7C37D6-833E-4FC6-AE6B-AB4A08D85798}.Debug|Any CPU.ActiveCfg = Debug|Any CPU
		{7B7C37D6-833E-4FC6-AE6B-AB4A08D85798}.Debug|Any CPU.Build.0 = Debug|Any CPU
		{7B7C37D6-833E-4FC6-AE6B-AB4A08D85798}.Release|Any CPU.ActiveCfg = Release|Any CPU
		{7B7C37D6-833E-4FC6-AE6B-AB4A08D85798}.Release|Any CPU.Build.0 = Release|Any CPU
	EndGlobalSection
EndGlobal
